
Microsoft Visual Studio Solution File, Format Version 12.00
Project("{FAE04EC0-301F-11D3-BF4B-00C04F79EFBC}") = "ChadApp", "ChadApp\ChadApp.csproj", "{10AB1148-247A-48A3-9C8D-C1826D484975}"
EndProject
Global
	GlobalSection(SolutionConfigurationPlatforms) = preSolution
		Debug|Any CPU = Debug|Any CPU
		Release|Any CPU = Release|Any CPU
	EndGlobalSection
	GlobalSection(ProjectConfigurationPlatforms) = postSolution
		{10AB1148-247A-48A3-9C8D-C1826D484975}.Debug|Any CPU.ActiveCfg = Debug|Any CPU
		{10AB1148-247A-48A3-9C8D-C1826D484975}.Debug|Any CPU.Build.0 = Debug|Any CPU
		{10AB1148-247A-48A3-9C8D-C1826D484975}.Release|Any CPU.ActiveCfg = Release|Any CPU
		{10AB1148-247A-48A3-9C8D-C1826D484975}.Release|Any CPU.Build.0 = Release|Any CPU
	EndGlobalSection
EndGlobal
